<?xml version="1.0" encoding="utf-8"?>
<Project ToolsVersion="4.0" xmlns="http://schemas.microsoft.com/developer/msbuild/2003">
  <ItemGroup>
    <Filter Include="源文件">
      <UniqueIdentifier>{4FC737F1-C7A5-4376-A066-2A32D752A2FF}</UniqueIdentifier>
      <Extensions>cpp;c;cc;cxx;def;odl;idl;hpj;bat;asm;asmx</Extensions>
    </Filter>
    <Filter Include="头文件">
      <UniqueIdentifier>{93995380-89BD-4b04-88EB-625FBE52EBFB}</UniqueIdentifier>
      <Extensions>h;hpp;hxx;hm;inl;inc;xsd</Extensions>
    </Filter>
    <Filter Include="资源文件">
      <UniqueIdentifier>{67DA6AB6-F800-4c08-8B7A-83BB121AAD01}</UniqueIdentifier>
      <Extensions>rc;ico;cur;bmp;dlg;rc2;rct;bin;rgs;gif;jpg;jpeg;jpe;resx;tiff;tif;png;wav;mfcribbon-ms</Extensions>
    </Filter>
  </ItemGroup>
  <ItemGroup>
    <None Include="ReadMe.txt" />
  </ItemGroup>
  <ItemGroup>
    <ClInclude Include="stdafx.h">
      <Filter>头文件</Filter>
    </ClInclude>
    <ClInclude Include="targetver.h">
      <Filter>头文件</Filter>
    </ClInclude>
    <ClInclude Include="第3讲 osgviewer 应用基础 01.hpp">
      <Filter>头文件</Filter>
    </ClInclude>
    <ClInclude Include="第5讲 基本图元%28上%29.hpp">
      <Filter>头文件</Filter>
    </ClInclude>
    <ClInclude Include="第6讲 基本图元(下).hpp">
      <Filter>头文件</Filter>
    </ClInclude>
    <ClInclude Include="第7讲 矩阵操作(上).hpp">
      <Filter>头文件</Filter>
    </ClInclude>
    <ClInclude Include="3_2_2 布告板示例.hpp">
      <Filter>头文件</Filter>
    </ClInclude>
    <ClInclude Include="3_3_1位置变换节点.hpp">
      <Filter>头文件</Filter>
    </ClInclude>
    <ClInclude Include="3_3_4 矩阵变换节点示例.hpp">
      <Filter>头文件</Filter>
    </ClInclude>
    <ClInclude Include="3_3_5 自动对齐节点.hpp">
      <Filter>头文件</Filter>
    </ClInclude>
    <ClInclude Include="3_3_7 开关节点.hpp">
      <Filter>头文件</Filter>
    </ClInclude>
    <ClInclude Include="3_3_10 细节层次节点示例.hpp">
      <Filter>头文件</Filter>
    </ClInclude>
    <ClInclude Include="3_3_12 分页细节层次节点示例.hpp">
      <Filter>头文件</Filter>
    </ClInclude>
    <ClInclude Include="3_3_13 替代节点.hpp">
      <Filter>头文件</Filter>
    </ClInclude>
    <ClInclude Include="3_3_18 坐标系节点示例.hpp">
      <Filter>头文件</Filter>
    </ClInclude>
    <ClInclude Include="7_3_3 事件回调示例.hpp">
      <Filter>头文件</Filter>
    </ClInclude>
    <ClInclude Include="7_3_2 节点回调示例.hpp">
      <Filter>头文件</Filter>
    </ClInclude>
    <ClInclude Include="8_2_2 键盘事件消息处理.hpp">
      <Filter>头文件</Filter>
    </ClInclude>
    <ClInclude Include="8_2_4 场景漫游.hpp">
      <Filter>头文件</Filter>
    </ClInclude>
    <ClInclude Include="TravelManipulator.h">
      <Filter>头文件</Filter>
    </ClInclude>
    <ClInclude Include="8_2_7 路径漫游示例.hpp">
      <Filter>头文件</Filter>
    </ClInclude>
    <ClInclude Include="OSG粒子飞行尾迹.hpp">
      <Filter>头文件</Filter>
    </ClInclude>
    <ClInclude Include="EarthWalkManipulato.h">
      <Filter>头文件</Filter>
    </ClInclude>
    <ClInclude Include="基于OE自定义自由飞行漫游器(初级版).hpp">
      <Filter>头文件</Filter>
    </ClInclude>
    <ClInclude Include="osganimate.hpp">
      <Filter>头文件</Filter>
    </ClInclude>
    <ClInclude Include="osgearth 读取飞机模型.hpp">
      <Filter>头文件</Filter>
    </ClInclude>
  </ItemGroup>
  <ItemGroup>
    <ClCompile Include="stdafx.cpp">
      <Filter>源文件</Filter>
    </ClCompile>
    <ClCompile Include="application.cpp">
      <Filter>源文件</Filter>
    </ClCompile>
    <ClCompile Include="TravelManipulator.cpp">
      <Filter>源文件</Filter>
    </ClCompile>
    <ClCompile Include="EarthWalkManipulato.cpp">
      <Filter>源文件</Filter>
    </ClCompile>
  </ItemGroup>
</Project>